{"is_source_file": false, "format": "", "description": "", "external_files": [], "external_methods": [], "published": [], "classes": [], "methods": [], "calls": [], "search-terms": [], "state": 2, "file_id": 18, "knowledge_revision": 37, "git_revision": "7b64e1962764a6aa93cb8a48e1ea6db48be101bf", "hash": "e9b4c3b42cef0193b7fddb548d37e652", "format-version": 4, "code-base-name": "default", "filename": "color_coded_event_scheduler/post_process_status.lock", "revision_history": [{"37": "7b64e1962764a6aa93cb8a48e1ea6db48be101bf"}]}